
Microsoft Visual Studio Solution File, Format Version 12.00
# Visual Studio Version 16
VisualStudioVersion = 16.0.33130.400
MinimumVisualStudioVersion = 10.0.40219.1
Project("{FAE04EC0-301F-11D3-BF4B-00C04F79EFBC}") = "BUSINESS", "BUSINESS\BUSINESS.csproj", "{7B6B2267-78CA-4D9D-9E44-7A291A7CDD93}"
EndProject
Project("{FAE04EC0-301F-11D3-BF4B-00C04F79EFBC}") = "ENTITIES", "ENTITIES\ENTITIES.csproj", "{0F465421-5A6A-4F87-A762-AE3C498D75BE}"
EndProject
Project("{FAE04EC0-301F-11D3-BF4B-00C04F79EFBC}") = "REPOSITORIES", "REPOSITORIES\REPOSITORIES.csproj", "{496CB1D2-4B1F-4050-96B4-025E8142BAB5}"
EndProject
Project("{FAE04EC0-301F-11D3-BF4B-00C04F79EFBC}") = "UI", "UI\UI.csproj", "{8CA09771-05C1-4E65-BE56-D0BA8A16D390}"
EndProject
Project("{FAE04EC0-301F-11D3-BF4B-00C04F79EFBC}") = "API", "API\API.csproj", "{4232D3E9-E7DC-47D9-9409-C93E8BD357D0}"
EndProject
Global
	GlobalSection(SolutionConfigurationPlatforms) = preSolution
		Debug|Any CPU = Debug|Any CPU
		Release|Any CPU = Release|Any CPU
	EndGlobalSection
	GlobalSection(ProjectConfigurationPlatforms) = postSolution
		{7B6B2267-78CA-4D9D-9E44-7A291A7CDD93}.Debug|Any CPU.ActiveCfg = Debug|Any CPU
		{7B6B2267-78CA-4D9D-9E44-7A291A7CDD93}.Debug|Any CPU.Build.0 = Debug|Any CPU
		{7B6B2267-78CA-4D9D-9E44-7A291A7CDD93}.Release|Any CPU.ActiveCfg = Release|Any CPU
		{7B6B2267-78CA-4D9D-9E44-7A291A7CDD93}.Release|Any CPU.Build.0 = Release|Any CPU
		{0F465421-5A6A-4F87-A762-AE3C498D75BE}.Debug|Any CPU.ActiveCfg = Debug|Any CPU
		{0F465421-5A6A-4F87-A762-AE3C498D75BE}.Debug|Any CPU.Build.0 = Debug|Any CPU
		{0F465421-5A6A-4F87-A762-AE3C498D75BE}.Release|Any CPU.ActiveCfg = Release|Any CPU
		{0F465421-5A6A-4F87-A762-AE3C498D75BE}.Release|Any CPU.Build.0 = Release|Any CPU
		{496CB1D2-4B1F-4050-96B4-025E8142BAB5}.Debug|Any CPU.ActiveCfg = Debug|Any CPU
		{496CB1D2-4B1F-4050-96B4-025E8142BAB5}.Debug|Any CPU.Build.0 = Debug|Any CPU
		{496CB1D2-4B1F-4050-96B4-025E8142BAB5}.Release|Any CPU.ActiveCfg = Release|Any CPU
		{496CB1D2-4B1F-4050-96B4-025E8142BAB5}.Release|Any CPU.Build.0 = Release|Any CPU
		{8CA09771-05C1-4E65-BE56-D0BA8A16D390}.Debug|Any CPU.ActiveCfg = Debug|Any CPU
		{8CA09771-05C1-4E65-BE56-D0BA8A16D390}.Debug|Any CPU.Build.0 = Debug|Any CPU
		{8CA09771-05C1-4E65-BE56-D0BA8A16D390}.Release|Any CPU.ActiveCfg = Release|Any CPU
		{8CA09771-05C1-4E65-BE56-D0BA8A16D390}.Release|Any CPU.Build.0 = Release|Any CPU
		{4232D3E9-E7DC-47D9-9409-C93E8BD357D0}.Debug|Any CPU.ActiveCfg = Debug|Any CPU
		{4232D3E9-E7DC-47D9-9409-C93E8BD357D0}.Debug|Any CPU.Build.0 = Debug|Any CPU
		{4232D3E9-E7DC-47D9-9409-C93E8BD357D0}.Release|Any CPU.ActiveCfg = Release|Any CPU
		{4232D3E9-E7DC-47D9-9409-C93E8BD357D0}.Release|Any CPU.Build.0 = Release|Any CPU
	EndGlobalSection
	GlobalSection(SolutionProperties) = preSolution
		HideSolutionNode = FALSE
	EndGlobalSection
	GlobalSection(ExtensibilityGlobals) = postSolution
		SolutionGuid = {FC290084-86F7-435A-B097-B5CE1ACCAD77}
	EndGlobalSection
EndGlobal
